// !$*UTF8*$!
{
	archiveVersion = 1;
	classes = {
	};
	objectVersion = 50;
	objects = {

/* Begin PBXBuildFile section */
		5E18FC0023F49086003FF955 /* InfinityScrollViewController.swift in Sources */ = {isa = PBXBuildFile; fileRef = 5E18FBFF23F49086003FF955 /* InfinityScrollViewController.swift */; };
		5E18FC0223F5554C003FF955 /* SearchConfigViewController.swift in Sources */ = {isa = PBXBuildFile; fileRef = 5E18FC0123F5554C003FF955 /* SearchConfigViewController.swift */; };
		5E18FC0423F6C6D3003FF955 /* ConfiguredSearchViewController.swift in Sources */ = {isa = PBXBuildFile; fileRef = 5E18FC0323F6C6D3003FF955 /* ConfiguredSearchViewController.swift */; };
		5E30BF0B23F1DC7400827875 /* LoginViewController.swift in Sources */ = {isa = PBXBuildFile; fileRef = 5E30BF0A23F1DC7400827875 /* LoginViewController.swift */; };
		5E73E29123F1908500EDFD6E /* AppDelegate.swift in Sources */ = {isa = PBXBuildFile; fileRef = 5E73E29023F1908500EDFD6E /* AppDelegate.swift */; };
		5E73E29523F1908500EDFD6E /* CatalogViewController.swift in Sources */ = {isa = PBXBuildFile; fileRef = 5E73E29423F1908500EDFD6E /* CatalogViewController.swift */; };
		5E73E29823F1908500EDFD6E /* Main.storyboard in Resources */ = {isa = PBXBuildFile; fileRef = 5E73E29623F1908500EDFD6E /* Main.storyboard */; };
		5E73E29A23F1908800EDFD6E /* Assets.xcassets in Resources */ = {isa = PBXBuildFile; fileRef = 5E73E29923F1908800EDFD6E /* Assets.xcassets */; };
		5E73E29D23F1908800EDFD6E /* LaunchScreen.storyboard in Resources */ = {isa = PBXBuildFile; fileRef = 5E73E29B23F1908800EDFD6E /* LaunchScreen.storyboard */; };
		5E73E2B623F1916800EDFD6E /* AcousticContentSDK.framework in Frameworks */ = {isa = PBXBuildFile; fileRef = 5E73E2B523F1916800EDFD6E /* AcousticContentSDK.framework */; };
		5E73E2B723F1916800EDFD6E /* AcousticContentSDK.framework in Embed Frameworks */ = {isa = PBXBuildFile; fileRef = 5E73E2B523F1916800EDFD6E /* AcousticContentSDK.framework */; settings = {ATTRIBUTES = (CodeSignOnCopy, RemoveHeadersOnCopy, ); }; };
		8EC78F0E2445B9D0002581D1 /* WebKit.framework in Frameworks */ = {isa = PBXBuildFile; fileRef = 8EC78F0D2445B9D0002581D1 /* WebKit.framework */; };
/* End PBXBuildFile section */

/* Begin PBXCopyFilesBuildPhase section */
		5E73E2B823F1916800EDFD6E /* Embed Frameworks */ = {
			isa = PBXCopyFilesBuildPhase;
			buildActionMask = 2147483647;
			dstPath = "";
			dstSubfolderSpec = 10;
			files = (
				5E73E2B723F1916800EDFD6E /* AcousticContentSDK.framework in Embed Frameworks */,
			);
			name = "Embed Frameworks";
			runOnlyForDeploymentPostprocessing = 0;
		};
/* End PBXCopyFilesBuildPhase section */

/* Begin PBXFileReference section */
		5E18FBFF23F49086003FF955 /* InfinityScrollViewController.swift */ = {isa = PBXFileReference; lastKnownFileType = sourcecode.swift; path = InfinityScrollViewController.swift; sourceTree = "<group>"; };
		5E18FC0123F5554C003FF955 /* SearchConfigViewController.swift */ = {isa = PBXFileReference; lastKnownFileType = sourcecode.swift; path = SearchConfigViewController.swift; sourceTree = "<group>"; };
		5E18FC0323F6C6D3003FF955 /* ConfiguredSearchViewController.swift */ = {isa = PBXFileReference; lastKnownFileType = sourcecode.swift; path = ConfiguredSearchViewController.swift; sourceTree = "<group>"; };
		5E30BF0A23F1DC7400827875 /* LoginViewController.swift */ = {isa = PBXFileReference; lastKnownFileType = sourcecode.swift; path = LoginViewController.swift; sourceTree = "<group>"; };
		5E73E28D23F1908500EDFD6E /* AcousticContentSDKSample.app */ = {isa = PBXFileReference; explicitFileType = wrapper.application; includeInIndex = 0; path = AcousticContentSDKSample.app; sourceTree = BUILT_PRODUCTS_DIR; };
		5E73E29023F1908500EDFD6E /* AppDelegate.swift */ = {isa = PBXFileReference; lastKnownFileType = sourcecode.swift; path = AppDelegate.swift; sourceTree = "<group>"; };
		5E73E29423F1908500EDFD6E /* CatalogViewController.swift */ = {isa = PBXFileReference; lastKnownFileType = sourcecode.swift; path = CatalogViewController.swift; sourceTree = "<group>"; };
		5E73E29723F1908500EDFD6E /* Base */ = {isa = PBXFileReference; lastKnownFileType = file.storyboard; name = Base; path = Base.lproj/Main.storyboard; sourceTree = "<group>"; };
		5E73E29923F1908800EDFD6E /* Assets.xcassets */ = {isa = PBXFileReference; lastKnownFileType = folder.assetcatalog; path = Assets.xcassets; sourceTree = "<group>"; };
		5E73E29C23F1908800EDFD6E /* Base */ = {isa = PBXFileReference; lastKnownFileType = file.storyboard; name = Base; path = Base.lproj/LaunchScreen.storyboard; sourceTree = "<group>"; };
		5E73E29E23F1908800EDFD6E /* Info.plist */ = {isa = PBXFileReference; lastKnownFileType = text.plist.xml; path = Info.plist; sourceTree = "<group>"; };
		5E73E2B523F1916800EDFD6E /* AcousticContentSDK.framework */ = {isa = PBXFileReference; explicitFileType = wrapper.framework; path = AcousticContentSDK.framework; sourceTree = BUILT_PRODUCTS_DIR; };
		8EC78F0D2445B9D0002581D1 /* WebKit.framework */ = {isa = PBXFileReference; lastKnownFileType = wrapper.framework; name = WebKit.framework; path = System/Library/Frameworks/WebKit.framework; sourceTree = SDKROOT; };
/* End PBXFileReference section */

/* Begin PBXFrameworksBuildPhase section */
		5E73E28A23F1908500EDFD6E /* Frameworks */ = {
			isa = PBXFrameworksBuildPhase;
			buildActionMask = 2147483647;
			files = (
				8EC78F0E2445B9D0002581D1 /* WebKit.framework in Frameworks */,
				5E73E2B623F1916800EDFD6E /* AcousticContentSDK.framework in Frameworks */,
			);
			runOnlyForDeploymentPostprocessing = 0;
		};
/* End PBXFrameworksBuildPhase section */

/* Begin PBXGroup section */
		5E73E28423F1908500EDFD6E = {
			isa = PBXGroup;
			children = (
				5E73E28F23F1908500EDFD6E /* AcousticContentSDKSample */,
				5E73E28E23F1908500EDFD6E /* Products */,
				5E73E2B423F1916800EDFD6E /* Frameworks */,
			);
			sourceTree = "<group>";
		};
		5E73E28E23F1908500EDFD6E /* Products */ = {
			isa = PBXGroup;
			children = (
				5E73E28D23F1908500EDFD6E /* AcousticContentSDKSample.app */,
			);
			name = Products;
			sourceTree = "<group>";
		};
		5E73E28F23F1908500EDFD6E /* AcousticContentSDKSample */ = {
			isa = PBXGroup;
			children = (
				5E73E29023F1908500EDFD6E /* AppDelegate.swift */,
				5E73E29423F1908500EDFD6E /* CatalogViewController.swift */,
				5EBB102823FAA2EF0073FF66 /* LoginExample */,
				5EBB102723FAA2040073FF66 /* InfilityScrollExample */,
				5EBB102923FAA2FD0073FF66 /* ConfiguredSearchExample */,
				5E73E29623F1908500EDFD6E /* Main.storyboard */,
				5E73E29923F1908800EDFD6E /* Assets.xcassets */,
				5E73E29B23F1908800EDFD6E /* LaunchScreen.storyboard */,
				5E73E29E23F1908800EDFD6E /* Info.plist */,
			);
			path = AcousticContentSDKSample;
			sourceTree = "<group>";
		};
		5E73E2B423F1916800EDFD6E /* Frameworks */ = {
			isa = PBXGroup;
			children = (
				8EC78F0D2445B9D0002581D1 /* WebKit.framework */,
				5E73E2B523F1916800EDFD6E /* AcousticContentSDK.framework */,
			);
			name = Frameworks;
			sourceTree = "<group>";
		};
		5EBB102723FAA2040073FF66 /* InfilityScrollExample */ = {
			isa = PBXGroup;
			children = (
				5E18FBFF23F49086003FF955 /* InfinityScrollViewController.swift */,
			);
			path = InfilityScrollExample;
			sourceTree = "<group>";
		};
		5EBB102823FAA2EF0073FF66 /* LoginExample */ = {
			isa = PBXGroup;
			children = (
				5E30BF0A23F1DC7400827875 /* LoginViewController.swift */,
			);
			path = LoginExample;
			sourceTree = "<group>";
		};
		5EBB102923FAA2FD0073FF66 /* ConfiguredSearchExample */ = {
			isa = PBXGroup;
			children = (
				5E18FC0123F5554C003FF955 /* SearchConfigViewController.swift */,
				5E18FC0323F6C6D3003FF955 /* ConfiguredSearchViewController.swift */,
			);
			path = ConfiguredSearchExample;
			sourceTree = "<group>";
		};
/* End PBXGroup section */

/* Begin PBXNativeTarget section */
		5E73E28C23F1908500EDFD6E /* AcousticContentSDKSample */ = {
			isa = PBXNativeTarget;
			buildConfigurationList = 5E73E2A123F1908800EDFD6E /* Build configuration list for PBXNativeTarget "AcousticContentSDKSample" */;
			buildPhases = (
				5E73E28923F1908500EDFD6E /* Sources */,
				5E73E28A23F1908500EDFD6E /* Frameworks */,
				5E73E28B23F1908500EDFD6E /* Resources */,
				5E73E2B823F1916800EDFD6E /* Embed Frameworks */,
			);
			buildRules = (
			);
			dependencies = (
			);
			name = AcousticContentSDKSample;
			productName = AcousticContentSDKSample;
			productReference = 5E73E28D23F1908500EDFD6E /* AcousticContentSDKSample.app */;
			productType = "com.apple.product-type.application";
		};
/* End PBXNativeTarget section */

/* Begin PBXProject section */
		5E73E28523F1908500EDFD6E /* Project object */ = {
			isa = PBXProject;
			attributes = {
				LastSwiftUpdateCheck = 1130;
				LastUpgradeCheck = 1130;
				ORGANIZATIONNAME = "Acoustic, L.P";
				TargetAttributes = {
					5E73E28C23F1908500EDFD6E = {
						CreatedOnToolsVersion = 11.3.1;
					};
				};
			};
			buildConfigurationList = 5E73E28823F1908500EDFD6E /* Build configuration list for PBXProject "AcousticContentSDKSample" */;
			compatibilityVersion = "Xcode 9.3";
			developmentRegion = en;
			hasScannedForEncodings = 0;
			knownRegions = (
				en,
				Base,
			);
			mainGroup = 5E73E28423F1908500EDFD6E;
			productRefGroup = 5E73E28E23F1908500EDFD6E /* Products */;
			projectDirPath = "";
			projectRoot = "";
			targets = (
				5E73E28C23F1908500EDFD6E /* AcousticContentSDKSample */,
			);
		};
/* End PBXProject section */

/* Begin PBXResourcesBuildPhase section */
		5E73E28B23F1908500EDFD6E /* Resources */ = {
			isa = PBXResourcesBuildPhase;
			buildActionMask = 2147483647;
			files = (
				5E73E29D23F1908800EDFD6E /* LaunchScreen.storyboard in Resources */,
				5E73E29A23F1908800EDFD6E /* Assets.xcassets in Resources */,
				5E73E29823F1908500EDFD6E /* Main.storyboard in Resources */,
			);
			runOnlyForDeploymentPostprocessing = 0;
		};
/* End PBXResourcesBuildPhase section */

/* Begin PBXSourcesBuildPhase section */
		5E73E28923F1908500EDFD6E /* Sources */ = {
			isa = PBXSourcesBuildPhase;
			buildActionMask = 2147483647;
			files = (
				5E30BF0B23F1DC7400827875 /* LoginViewController.swift in Sources */,
				5E73E29523F1908500EDFD6E /* CatalogViewController.swift in Sources */,
				5E18FC0223F5554C003FF955 /* SearchConfigViewController.swift in Sources */,
				5E73E29123F1908500EDFD6E /* AppDelegate.swift in Sources */,
				5E18FC0023F49086003FF955 /* InfinityScrollViewController.swift in Sources */,
				5E18FC0423F6C6D3003FF955 /* ConfiguredSearchViewController.swift in Sources */,
			);
			runOnlyForDeploymentPostprocessing = 0;
		};
/* End PBXSourcesBuildPhase section */

/* Begin PBXVariantGroup section */
		5E73E29623F1908500EDFD6E /* Main.storyboard */ = {
			isa = PBXVariantGroup;
			children = (
				5E73E29723F1908500EDFD6E /* Base */,
			);
			name = Main.storyboard;
			sourceTree = "<group>";
		};
		5E73E29B23F1908800EDFD6E /* LaunchScreen.storyboard */ = {
			isa = PBXVariantGroup;
			children = (
				5E73E29C23F1908800EDFD6E /* Base */,
			);
			name = LaunchScreen.storyboard;
			sourceTree = "<group>";
		};
/* End PBXVariantGroup section */

/* Begin XCBuildConfiguration section */
		5E73E29F23F1908800EDFD6E /* Debug */ = {
			isa = XCBuildConfiguration;
			buildSettings = {
				ALWAYS_SEARCH_USER_PATHS = NO;
				CLANG_ANALYZER_NONNULL = YES;
				CLANG_ANALYZER_NUMBER_OBJECT_CONVERSION = YES_AGGRESSIVE;
				CLANG_CXX_LANGUAGE_STANDARD = "gnu++14";
				CLANG_CXX_LIBRARY = "libc++";
				CLANG_ENABLE_MODULES = YES;
				CLANG_ENABLE_OBJC_ARC = YES;
				CLANG_ENABLE_OBJC_WEAK = YES;
				CLANG_WARN_BLOCK_CAPTURE_AUTORELEASING = YES;
				CLANG_WARN_BOOL_CONVERSION = YES;
				CLANG_WARN_COMMA = YES;
				CLANG_WARN_CONSTANT_CONVERSION = YES;
				CLANG_WARN_DEPRECATED_OBJC_IMPLEMENTATIONS = YES;
				CLANG_WARN_DIRECT_OBJC_ISA_USAGE = YES_ERROR;
				CLANG_WARN_DOCUMENTATION_COMMENTS = YES;
				CLANG_WARN_EMPTY_BODY = YES;
				CLANG_WARN_ENUM_CONVERSION = YES;
				CLANG_WARN_INFINITE_RECURSION = YES;
				CLANG_WARN_INT_CONVERSION = YES;
				CLANG_WARN_NON_LITERAL_NULL_CONVERSION = YES;
				CLANG_WARN_OBJC_IMPLICIT_RETAIN_SELF = YES;
				CLANG_WARN_OBJC_LITERAL_CONVERSION = YES;
				CLANG_WARN_OBJC_ROOT_CLASS = YES_ERROR;
				CLANG_WARN_RANGE_LOOP_ANALYSIS = YES;
				CLANG_WARN_STRICT_PROTOTYPES = YES;
				CLANG_WARN_SUSPICIOUS_MOVE = YES;
				CLANG_WARN_UNGUARDED_AVAILABILITY = YES_AGGRESSIVE;
				CLANG_WARN_UNREACHABLE_CODE = YES;
				CLANG_WARN__DUPLICATE_METHOD_MATCH = YES;
				COPY_PHASE_STRIP = NO;
				DEBUG_INFORMATION_FORMAT = dwarf;
				ENABLE_STRICT_OBJC_MSGSEND = YES;
				ENABLE_TESTABILITY = YES;
				GCC_C_LANGUAGE_STANDARD = gnu11;
				GCC_DYNAMIC_NO_PIC = NO;
				GCC_NO_COMMON_BLOCKS = YES;
				GCC_OPTIMIZATION_LEVEL = 0;
				GCC_PREPROCESSOR_DEFINITIONS = (
					"DEBUG=1",
					"$(inherited)",
				);
				GCC_WARN_64_TO_32_BIT_CONVERSION = YES;
				GCC_WARN_ABOUT_RETURN_TYPE = YES_ERROR;
				GCC_WARN_UNDECLARED_SELECTOR = YES;
				GCC_WARN_UNINITIALIZED_AUTOS = YES_AGGRESSIVE;
				GCC_WARN_UNUSED_FUNCTION = YES;
				GCC_WARN_UNUSED_VARIABLE = YES;
				IPHONEOS_DEPLOYMENT_TARGET = 13.2;
				MTL_ENABLE_DEBUG_INFO = INCLUDE_SOURCE;
				MTL_FAST_MATH = YES;
				ONLY_ACTIVE_ARCH = YES;
				SDKROOT = iphoneos;
				SWIFT_ACTIVE_COMPILATION_CONDITIONS = DEBUG;
				SWIFT_OPTIMIZATION_LEVEL = "-Onone";
			};
			name = Debug;
		};
		5E73E2A023F1908800EDFD6E /* Release */ = {
			isa = XCBuildConfiguration;
			buildSettings = {
				ALWAYS_SEARCH_USER_PATHS = NO;
				CLANG_ANALYZER_NONNULL = YES;
				CLANG_ANALYZER_NUMBER_OBJECT_CONVERSION = YES_AGGRESSIVE;
				CLANG_CXX_LANGUAGE_STANDARD = "gnu++14";
				CLANG_CXX_LIBRARY = "libc++";
				CLANG_ENABLE_MODULES = YES;
				CLANG_ENABLE_OBJC_ARC = YES;
				CLANG_ENABLE_OBJC_WEAK = YES;
				CLANG_WARN_BLOCK_CAPTURE_AUTORELEASING = YES;
				CLANG_WARN_BOOL_CONVERSION = YES;
				CLANG_WARN_COMMA = YES;
				CLANG_WARN_CONSTANT_CONVERSION = YES;
				CLANG_WARN_DEPRECATED_OBJC_IMPLEMENTATIONS = YES;
				CLANG_WARN_DIRECT_OBJC_ISA_USAGE = YES_ERROR;
				CLANG_WARN_DOCUMENTATION_COMMENTS = YES;
				CLANG_WARN_EMPTY_BODY = YES;
				CLANG_WARN_ENUM_CONVERSION = YES;
				CLANG_WARN_INFINITE_RECURSION = YES;
				CLANG_WARN_INT_CONVERSION = YES;
				CLANG_WARN_NON_LITERAL_NULL_CONVERSION = YES;
				CLANG_WARN_OBJC_IMPLICIT_RETAIN_SELF = YES;
				CLANG_WARN_OBJC_LITERAL_CONVERSION = YES;
				CLANG_WARN_OBJC_ROOT_CLASS = YES_ERROR;
				CLANG_WARN_RANGE_LOOP_ANALYSIS = YES;
				CLANG_WARN_STRICT_PROTOTYPES = YES;
				CLANG_WARN_SUSPICIOUS_MOVE = YES;
				CLANG_WARN_UNGUARDED_AVAILABILITY = YES_AGGRESSIVE;
				CLANG_WARN_UNREACHABLE_CODE = YES;
				CLANG_WARN__DUPLICATE_METHOD_MATCH = YES;
				COPY_PHASE_STRIP = NO;
				DEBUG_INFORMATION_FORMAT = "dwarf-with-dsym";
				ENABLE_NS_ASSERTIONS = NO;
				ENABLE_STRICT_OBJC_MSGSEND = YES;
				GCC_C_LANGUAGE_STANDARD = gnu11;
				GCC_NO_COMMON_BLOCKS = YES;
				GCC_WARN_64_TO_32_BIT_CONVERSION = YES;
				GCC_WARN_ABOUT_RETURN_TYPE = YES_ERROR;
				GCC_WARN_UNDECLARED_SELECTOR = YES;
				GCC_WARN_UNINITIALIZED_AUTOS = YES_AGGRESSIVE;
				GCC_WARN_UNUSED_FUNCTION = YES;
				GCC_WARN_UNUSED_VARIABLE = YES;
				IPHONEOS_DEPLOYMENT_TARGET = 13.2;
				MTL_ENABLE_DEBUG_INFO = NO;
				MTL_FAST_MATH = YES;
				SDKROOT = iphoneos;
				SWIFT_COMPILATION_MODE = wholemodule;
				SWIFT_OPTIMIZATION_LEVEL = "-O";
				VALIDATE_PRODUCT = YES;
			};
			name = Release;
		};
		5E73E2A223F1908800EDFD6E /* Debug */ = {
			isa = XCBuildConfiguration;
			buildSettings = {
				ASSETCATALOG_COMPILER_APPICON_NAME = AppIcon;
				CODE_SIGN_STYLE = Automatic;
				INFOPLIST_FILE = AcousticContentSDKSample/Info.plist;
				LD_RUNPATH_SEARCH_PATHS = (
					"$(inherited)",
					"@executable_path/Frameworks",
				);
				PRODUCT_BUNDLE_IDENTIFIER = AcousticContentSDKSample.AcousticContentSDKSample;
				PRODUCT_NAME = "$(TARGET_NAME)";
				SWIFT_VERSION = 5.0;
				TARGETED_DEVICE_FAMILY = 1;
			};
			name = Debug;
		};
		5E73E2A323F1908800EDFD6E /* Release */ = {
			isa = XCBuildConfiguration;
			buildSettings = {
				ASSETCATALOG_COMPILER_APPICON_NAME = AppIcon;
				CODE_SIGN_STYLE = Automatic;
				INFOPLIST_FILE = AcousticContentSDKSample/Info.plist;
				LD_RUNPATH_SEARCH_PATHS = (
					"$(inherited)",
					"@executable_path/Frameworks",
				);
				PRODUCT_BUNDLE_IDENTIFIER = AcousticContentSDKSample.AcousticContentSDKSample;
				PRODUCT_NAME = "$(TARGET_NAME)";
				SWIFT_VERSION = 5.0;
				TARGETED_DEVICE_FAMILY = 1;
			};
			name = Release;
		};
/* End XCBuildConfiguration section */

/* Begin XCConfigurationList section */
		5E73E28823F1908500EDFD6E /* Build configuration list for PBXProject "AcousticContentSDKSample" */ = {
			isa = XCConfigurationList;
			buildConfigurations = (
				5E73E29F23F1908800EDFD6E /* Debug */,
				5E73E2A023F1908800EDFD6E /* Release */,
			);
			defaultConfigurationIsVisible = 0;
			defaultConfigurationName = Release;
		};
		5E73E2A123F1908800EDFD6E /* Build configuration list for PBXNativeTarget "AcousticContentSDKSample" */ = {
			isa = XCConfigurationList;
			buildConfigurations = (
				5E73E2A223F1908800EDFD6E /* Debug */,
				5E73E2A323F1908800EDFD6E /* Release */,
			);
			defaultConfigurationIsVisible = 0;
			defaultConfigurationName = Release;
		};
/* End XCConfigurationList section */
	};
	rootObject = 5E73E28523F1908500EDFD6E /* Project object */;
}
